
Microsoft Visual Studio Solution File, Format Version 12.00
#
Project("{9A19103F-16F7-4668-BE54-9A1E7A4F7556}") = "Jellyfin.Plugin.YoutubeMetadata", "Jellyfin.Plugin.YoutubeMetadata\Jellyfin.Plugin.YoutubeMetadata.csproj", "{7F127DA5-69DA-4CFB-A777-4001891AA38C}"
EndProject
Project("{FAE04EC0-301F-11D3-BF4B-00C04F79EFBC}") = "Jellyfin.Plugin.YoutubeMetadata.Tests", "Jellyfin.Plugin.YoutubeMetadata.Tests\Jellyfin.Plugin.YoutubeMetadata.Tests.csproj", "{0DC38CAE-9B81-4AC6-A44E-DFD660414F21}"
EndProject
Global
	GlobalSection(SolutionConfigurationPlatforms) = preSolution
		Debug|Any CPU = Debug|Any CPU
		Release|Any CPU = Release|Any CPU
	EndGlobalSection
	GlobalSection(ProjectConfigurationPlatforms) = postSolution
		{7F127DA5-69DA-4CFB-A777-4001891AA38C}.Debug|Any CPU.ActiveCfg = Debug|Any CPU
		{7F127DA5-69DA-4CFB-A777-4001891AA38C}.Debug|Any CPU.Build.0 = Debug|Any CPU
		{7F127DA5-69DA-4CFB-A777-4001891AA38C}.Release|Any CPU.ActiveCfg = Release|Any CPU
		{7F127DA5-69DA-4CFB-A777-4001891AA38C}.Release|Any CPU.Build.0 = Release|Any CPU
		{0DC38CAE-9B81-4AC6-A44E-DFD660414F21}.Debug|Any CPU.ActiveCfg = Debug|Any CPU
		{0DC38CAE-9B81-4AC6-A44E-DFD660414F21}.Debug|Any CPU.Build.0 = Debug|Any CPU
		{0DC38CAE-9B81-4AC6-A44E-DFD660414F21}.Release|Any CPU.ActiveCfg = Release|Any CPU
		{0DC38CAE-9B81-4AC6-A44E-DFD660414F21}.Release|Any CPU.Build.0 = Release|Any CPU
	EndGlobalSection
EndGlobal
