
Microsoft Visual Studio Solution File, Format Version 12.00
# Visual Studio Version 16
VisualStudioVersion = 16.0.29920.165
MinimumVisualStudioVersion = 10.0.40219.1
Project("{FAE04EC0-301F-11D3-BF4B-00C04F79EFBC}") = "Jellyfin.Plugin.YoutubeMetadata", "Jellyfin.Plugin.YoutubeMetadata\Jellyfin.Plugin.YoutubeMetadata.csproj", "{7F127DA5-69DA-4CFB-A777-4001891AA38C}"
EndProject
Global
	GlobalSection(SolutionConfigurationPlatforms) = preSolution
		Debug|Any CPU = Debug|Any CPU
		Release|Any CPU = Release|Any CPU
	EndGlobalSection
	GlobalSection(ProjectConfigurationPlatforms) = postSolution
		{7F127DA5-69DA-4CFB-A777-4001891AA38C}.Debug|Any CPU.ActiveCfg = Debug|Any CPU
		{7F127DA5-69DA-4CFB-A777-4001891AA38C}.Debug|Any CPU.Build.0 = Debug|Any CPU
		{7F127DA5-69DA-4CFB-A777-4001891AA38C}.Release|Any CPU.ActiveCfg = Release|Any CPU
		{7F127DA5-69DA-4CFB-A777-4001891AA38C}.Release|Any CPU.Build.0 = Release|Any CPU
	EndGlobalSection
	GlobalSection(SolutionProperties) = preSolution
		HideSolutionNode = FALSE
	EndGlobalSection
	GlobalSection(ExtensibilityGlobals) = postSolution
		SolutionGuid = {5073F749-15A8-4963-899A-33AA8D1781B5}
	EndGlobalSection
EndGlobal
